
Microsoft Visual Studio Solution File, Format Version 12.00
# Visual Studio Version 16
VisualStudioVersion = 16.0.30011.22
MinimumVisualStudioVersion = 10.0.40219.1
Project("{FAE04EC0-301F-11D3-BF4B-00C04F79EFBC}") = "RetractableLiftingSurface", "RetractableLiftingSurface\RetractableLiftingSurface.csproj", "{8FCA1053-7DF7-42A5-93EC-B302E5FE51AE}"
EndProject
Project("{2150E333-8FDC-42A3-9474-1A3956D46DE8}") = "Solution Items", "Solution Items", "{273A6B64-2F2C-429A-B273-28D193F9C0FD}"
	ProjectSection(SolutionItems) = preProject
		buildRelease.bat = buildRelease.bat
		Changelog.txt = Changelog.txt
		deploy.bat = deploy.bat
		jenkins.txt = jenkins.txt
		ReadMe-DeployableCtrlSrf.md = ReadMe-DeployableCtrlSrf.md
		README.md = README.md
		RetractableLiftingSurface.version = RetractableLiftingSurface.version
	EndProjectSection
EndProject
Project("{FAE04EC0-301F-11D3-BF4B-00C04F79EFBC}") = "DeployableCtrlSrf", "DeployableCtrlSrf\DeployableCtrlSrf.csproj", "{6FC3C174-B766-4015-AB1D-B00A5D5D2EE9}"
EndProject
Global
	GlobalSection(SolutionConfigurationPlatforms) = preSolution
		Debug|Any CPU = Debug|Any CPU
		Release|Any CPU = Release|Any CPU
	EndGlobalSection
	GlobalSection(ProjectConfigurationPlatforms) = postSolution
		{8FCA1053-7DF7-42A5-93EC-B302E5FE51AE}.Debug|Any CPU.ActiveCfg = Debug|Any CPU
		{8FCA1053-7DF7-42A5-93EC-B302E5FE51AE}.Debug|Any CPU.Build.0 = Debug|Any CPU
		{8FCA1053-7DF7-42A5-93EC-B302E5FE51AE}.Release|Any CPU.ActiveCfg = Release|Any CPU
		{8FCA1053-7DF7-42A5-93EC-B302E5FE51AE}.Release|Any CPU.Build.0 = Release|Any CPU
		{6FC3C174-B766-4015-AB1D-B00A5D5D2EE9}.Debug|Any CPU.ActiveCfg = Debug|Any CPU
		{6FC3C174-B766-4015-AB1D-B00A5D5D2EE9}.Debug|Any CPU.Build.0 = Debug|Any CPU
		{6FC3C174-B766-4015-AB1D-B00A5D5D2EE9}.Release|Any CPU.ActiveCfg = Release|Any CPU
		{6FC3C174-B766-4015-AB1D-B00A5D5D2EE9}.Release|Any CPU.Build.0 = Release|Any CPU
	EndGlobalSection
	GlobalSection(SolutionProperties) = preSolution
		HideSolutionNode = FALSE
	EndGlobalSection
	GlobalSection(ExtensibilityGlobals) = postSolution
		SolutionGuid = {5E624689-7F88-440F-A754-D349A3C97629}
	EndGlobalSection
EndGlobal
